
Microsoft Visual Studio Solution File, Format Version 12.00
# Visual Studio 15
VisualStudioVersion = 15.0.28307.329
MinimumVisualStudioVersion = 10.0.40219.1
Project("{FAE04EC0-301F-11D3-BF4B-00C04F79EFBC}") = "agenda-de-contatos", "agenda-de-contatos\agenda-de-contatos.csproj", "{742E00D3-FD7F-4BE9-A434-F38887BC93E7}"
EndProject
Project("{FAE04EC0-301F-11D3-BF4B-00C04F79EFBC}") = "agenda-de-contatos.Tests", "agenda-de-contatos.Tests\agenda-de-contatos.Tests.csproj", "{43268AF2-04C6-4D9A-A658-1E2D28A4B99D}"
EndProject
Global
	GlobalSection(SolutionConfigurationPlatforms) = preSolution
		Debug|Any CPU = Debug|Any CPU
		Release|Any CPU = Release|Any CPU
	EndGlobalSection
	GlobalSection(ProjectConfigurationPlatforms) = postSolution
		{742E00D3-FD7F-4BE9-A434-F38887BC93E7}.Debug|Any CPU.ActiveCfg = Debug|Any CPU
		{742E00D3-FD7F-4BE9-A434-F38887BC93E7}.Debug|Any CPU.Build.0 = Debug|Any CPU
		{742E00D3-FD7F-4BE9-A434-F38887BC93E7}.Release|Any CPU.ActiveCfg = Release|Any CPU
		{742E00D3-FD7F-4BE9-A434-F38887BC93E7}.Release|Any CPU.Build.0 = Release|Any CPU
		{43268AF2-04C6-4D9A-A658-1E2D28A4B99D}.Debug|Any CPU.ActiveCfg = Debug|Any CPU
		{43268AF2-04C6-4D9A-A658-1E2D28A4B99D}.Debug|Any CPU.Build.0 = Debug|Any CPU
		{43268AF2-04C6-4D9A-A658-1E2D28A4B99D}.Release|Any CPU.ActiveCfg = Release|Any CPU
		{43268AF2-04C6-4D9A-A658-1E2D28A4B99D}.Release|Any CPU.Build.0 = Release|Any CPU
	EndGlobalSection
	GlobalSection(SolutionProperties) = preSolution
		HideSolutionNode = FALSE
	EndGlobalSection
	GlobalSection(ExtensibilityGlobals) = postSolution
		SolutionGuid = {8D78264E-073B-4C05-BE18-E7C343398813}
	EndGlobalSection
EndGlobal
